// !$*UTF8*$!
{
	archiveVersion = 1;
	classes = {
	};
	objectVersion = 56;
	objects = {

/* Begin PBXBuildFile section */
		EB8056DC2B9F0C4500A9E47A /* StorageManagerProtocol.swift in Sources */ = {isa = PBXBuildFile; fileRef = EB8056DB2B9F0C4500A9E47A /* StorageManagerProtocol.swift */; };
		EB8056E22B9F0CE600A9E47A /* NoteModelProtocol.swift in Sources */ = {isa = PBXBuildFile; fileRef = EB8056E12B9F0CE600A9E47A /* NoteModelProtocol.swift */; };
		EB8056E42B9F0FA800A9E47A /* CoreDataManager.swift in Sources */ = {isa = PBXBuildFile; fileRef = EB8056E32B9F0FA800A9E47A /* CoreDataManager.swift */; };
		EB8056E62B9F0FD400A9E47A /* NoteModelDataAdapter.swift in Sources */ = {isa = PBXBuildFile; fileRef = EB8056E52B9F0FD400A9E47A /* NoteModelDataAdapter.swift */; };
		EB8056E82B9F0FFE00A9E47A /* NoteDisplayModel.swift in Sources */ = {isa = PBXBuildFile; fileRef = EB8056E72B9F0FFE00A9E47A /* NoteDisplayModel.swift */; };
		EB8056EC2B9F104F00A9E47A /* Date+Formatter.swift in Sources */ = {isa = PBXBuildFile; fileRef = EB8056EB2B9F104F00A9E47A /* Date+Formatter.swift */; };
		EB8056EE2B9F115900A9E47A /* UITableView+Extensions.swift in Sources */ = {isa = PBXBuildFile; fileRef = EB8056ED2B9F115900A9E47A /* UITableView+Extensions.swift */; };
		EB8056FF2B9F133600A9E47A /* HomeBuilder.swift in Sources */ = {isa = PBXBuildFile; fileRef = EB8056FE2B9F133600A9E47A /* HomeBuilder.swift */; };
		EB8057012B9F143400A9E47A /* HomeProtocols.swift in Sources */ = {isa = PBXBuildFile; fileRef = EB8057002B9F143400A9E47A /* HomeProtocols.swift */; };
		EB8057032B9F147900A9E47A /* HomeDataManager.swift in Sources */ = {isa = PBXBuildFile; fileRef = EB8057022B9F147900A9E47A /* HomeDataManager.swift */; };
		EB8057052B9F1B6F00A9E47A /* HomePresenter.swift in Sources */ = {isa = PBXBuildFile; fileRef = EB8057042B9F1B6F00A9E47A /* HomePresenter.swift */; };
		EB8057082B9F3ECE00A9E47A /* NotesItem+CoreDataClass.swift in Sources */ = {isa = PBXBuildFile; fileRef = EB8057062B9F3ECE00A9E47A /* NotesItem+CoreDataClass.swift */; };
		EB8057092B9F3ECE00A9E47A /* NotesItem+CoreDataProperties.swift in Sources */ = {isa = PBXBuildFile; fileRef = EB8057072B9F3ECE00A9E47A /* NotesItem+CoreDataProperties.swift */; };
		EB80570D2B9FD73F00A9E47A /* HomeViewController.swift in Sources */ = {isa = PBXBuildFile; fileRef = EB80570C2B9FD73F00A9E47A /* HomeViewController.swift */; };
		EB80570F2B9FD80D00A9E47A /* NotesSearchController.swift in Sources */ = {isa = PBXBuildFile; fileRef = EB80570E2B9FD80D00A9E47A /* NotesSearchController.swift */; };
		EB8057112B9FF45600A9E47A /* HomeViewController+Search.swift in Sources */ = {isa = PBXBuildFile; fileRef = EB8057102B9FF45600A9E47A /* HomeViewController+Search.swift */; };
		EB8057152BA0202C00A9E47A /* HomeViewController+TableView.swift in Sources */ = {isa = PBXBuildFile; fileRef = EB8057142BA0202C00A9E47A /* HomeViewController+TableView.swift */; };
		EB80571C2BA0212B00A9E47A /* NoteCell.swift in Sources */ = {isa = PBXBuildFile; fileRef = EB80571A2BA0212B00A9E47A /* NoteCell.swift */; };
		EB80571D2BA0212B00A9E47A /* NoteCell.xib in Resources */ = {isa = PBXBuildFile; fileRef = EB80571B2BA0212B00A9E47A /* NoteCell.xib */; };
		EB8057202BA037D900A9E47A /* Main.storyboard in Resources */ = {isa = PBXBuildFile; fileRef = EB80571E2BA037D900A9E47A /* Main.storyboard */; };
		EB8057212BA037D900A9E47A /* LaunchScreen.storyboard in Resources */ = {isa = PBXBuildFile; fileRef = EB80571F2BA037D900A9E47A /* LaunchScreen.storyboard */; };
		EB8057232BA04E4F00A9E47A /* UIContextualAction+ActionViewConfiguration.swift in Sources */ = {isa = PBXBuildFile; fileRef = EB8057222BA04E4F00A9E47A /* UIContextualAction+ActionViewConfiguration.swift */; };
		EB8057252BA060A400A9E47A /* HomeInteractor.swift in Sources */ = {isa = PBXBuildFile; fileRef = EB8057242BA060A400A9E47A /* HomeInteractor.swift */; };
		EB8057272BA06B3700A9E47A /* HomeRouter.swift in Sources */ = {isa = PBXBuildFile; fileRef = EB8057262BA06B3700A9E47A /* HomeRouter.swift */; };
		EB8057292BA06BE200A9E47A /* NoteDetailsProtocols.swift in Sources */ = {isa = PBXBuildFile; fileRef = EB8057282BA06BE200A9E47A /* NoteDetailsProtocols.swift */; };
		EB80572B2BA06BEF00A9E47A /* NoteDetailsViewController.swift in Sources */ = {isa = PBXBuildFile; fileRef = EB80572A2BA06BEF00A9E47A /* NoteDetailsViewController.swift */; };
		EB80572D2BA06BF900A9E47A /* NoteDetailsInteractor.swift in Sources */ = {isa = PBXBuildFile; fileRef = EB80572C2BA06BF900A9E47A /* NoteDetailsInteractor.swift */; };
		EB80572F2BA06C0000A9E47A /* NoteDetailsPresenter.swift in Sources */ = {isa = PBXBuildFile; fileRef = EB80572E2BA06C0000A9E47A /* NoteDetailsPresenter.swift */; };
		EB8057312BA06C0800A9E47A /* NoteDataManager.swift in Sources */ = {isa = PBXBuildFile; fileRef = EB8057302BA06C0800A9E47A /* NoteDataManager.swift */; };
		EB8057332BA06C1100A9E47A /* NoteDetailsRouter.swift in Sources */ = {isa = PBXBuildFile; fileRef = EB8057322BA06C1100A9E47A /* NoteDetailsRouter.swift */; };
		EB8057352BA06C1900A9E47A /* NoteDetailsBuilder.swift in Sources */ = {isa = PBXBuildFile; fileRef = EB8057342BA06C1900A9E47A /* NoteDetailsBuilder.swift */; };
		EB80573A2BA1619F00A9E47A /* FavoritesViewController.swift in Sources */ = {isa = PBXBuildFile; fileRef = EB8057392BA1619F00A9E47A /* FavoritesViewController.swift */; };
		EB80573D2BA164E400A9E47A /* FavoritesProtocols.swift in Sources */ = {isa = PBXBuildFile; fileRef = EB80573C2BA164E400A9E47A /* FavoritesProtocols.swift */; };
		EB8057402BA16ADB00A9E47A /* FavoritesRouter.swift in Sources */ = {isa = PBXBuildFile; fileRef = EB80573F2BA16ADB00A9E47A /* FavoritesRouter.swift */; };
		EB8057432BA16FF300A9E47A /* FavoritesBuilder.swift in Sources */ = {isa = PBXBuildFile; fileRef = EB8057422BA16FF300A9E47A /* FavoritesBuilder.swift */; };
		EB8057462BA173A800A9E47A /* FavoritesPresenter.swift in Sources */ = {isa = PBXBuildFile; fileRef = EB8057452BA173A800A9E47A /* FavoritesPresenter.swift */; };
		EB8057492BA1751400A9E47A /* FavoritesInteractor.swift in Sources */ = {isa = PBXBuildFile; fileRef = EB8057482BA1751400A9E47A /* FavoritesInteractor.swift */; };
		EB80574C2BA1761200A9E47A /* FavoritesDataManager.swift in Sources */ = {isa = PBXBuildFile; fileRef = EB80574B2BA1761200A9E47A /* FavoritesDataManager.swift */; };
		EB80574F2BA177CF00A9E47A /* FavoritesViewController+Search.swift in Sources */ = {isa = PBXBuildFile; fileRef = EB80574E2BA177CF00A9E47A /* FavoritesViewController+Search.swift */; };
		EB8057512BA1783200A9E47A /* FavoritesViewController+TableView.swift in Sources */ = {isa = PBXBuildFile; fileRef = EB8057502BA1783200A9E47A /* FavoritesViewController+TableView.swift */; };
		EB8057532BA183CF00A9E47A /* Array+SortByFavorites.swift in Sources */ = {isa = PBXBuildFile; fileRef = EB8057522BA183CF00A9E47A /* Array+SortByFavorites.swift */; };
		EB80575F2BA1F38300A9E47A /* StorageManagerTests.swift in Sources */ = {isa = PBXBuildFile; fileRef = EB80575D2BA1F38300A9E47A /* StorageManagerTests.swift */; };
		EB8057672BA1F3C900A9E47A /* HomeViewControllerTests.swift in Sources */ = {isa = PBXBuildFile; fileRef = EB8057602BA1F3C900A9E47A /* HomeViewControllerTests.swift */; };
		EB8057682BA1F3C900A9E47A /* NoteDisplayModelTests.swift in Sources */ = {isa = PBXBuildFile; fileRef = EB8057622BA1F3C900A9E47A /* NoteDisplayModelTests.swift */; };
		EB80576D2BA336FC00A9E47A /* FavoritesViewControllerTests.swift in Sources */ = {isa = PBXBuildFile; fileRef = EB80576C2BA336FC00A9E47A /* FavoritesViewControllerTests.swift */; };
		EB8057702BA33C7900A9E47A /* NoteDetailsViewControllerTests.swift in Sources */ = {isa = PBXBuildFile; fileRef = EB80576F2BA33C7900A9E47A /* NoteDetailsViewControllerTests.swift */; };
		EBA3CF5F2B9F03D3004201B0 /* AppDelegate.swift in Sources */ = {isa = PBXBuildFile; fileRef = EBA3CF5E2B9F03D3004201B0 /* AppDelegate.swift */; };
		EBA3CF692B9F03D3004201B0 /* NotesApp.xcdatamodeld in Sources */ = {isa = PBXBuildFile; fileRef = EBA3CF672B9F03D3004201B0 /* NotesApp.xcdatamodeld */; };
		EBA3CF6B2B9F03D4004201B0 /* Assets.xcassets in Resources */ = {isa = PBXBuildFile; fileRef = EBA3CF6A2B9F03D4004201B0 /* Assets.xcassets */; };
/* End PBXBuildFile section */

/* Begin PBXContainerItemProxy section */
		EBA3CF752B9F03D5004201B0 /* PBXContainerItemProxy */ = {
			isa = PBXContainerItemProxy;
			containerPortal = EBA3CF532B9F03D3004201B0 /* Project object */;
			proxyType = 1;
			remoteGlobalIDString = EBA3CF5A2B9F03D3004201B0;
			remoteInfo = NotesApp;
		};
/* End PBXContainerItemProxy section */

/* Begin PBXFileReference section */
		EB6392DE2BA6F28A004461A9 /* NotesAppUnitTests.xctestplan */ = {isa = PBXFileReference; lastKnownFileType = text; path = NotesAppUnitTests.xctestplan; sourceTree = "<group>"; };
		EB8056DB2B9F0C4500A9E47A /* StorageManagerProtocol.swift */ = {isa = PBXFileReference; lastKnownFileType = sourcecode.swift; path = StorageManagerProtocol.swift; sourceTree = "<group>"; };
		EB8056E12B9F0CE600A9E47A /* NoteModelProtocol.swift */ = {isa = PBXFileReference; lastKnownFileType = sourcecode.swift; path = NoteModelProtocol.swift; sourceTree = "<group>"; };
		EB8056E32B9F0FA800A9E47A /* CoreDataManager.swift */ = {isa = PBXFileReference; lastKnownFileType = sourcecode.swift; path = CoreDataManager.swift; sourceTree = "<group>"; };
		EB8056E52B9F0FD400A9E47A /* NoteModelDataAdapter.swift */ = {isa = PBXFileReference; lastKnownFileType = sourcecode.swift; path = NoteModelDataAdapter.swift; sourceTree = "<group>"; };
		EB8056E72B9F0FFE00A9E47A /* NoteDisplayModel.swift */ = {isa = PBXFileReference; lastKnownFileType = sourcecode.swift; path = NoteDisplayModel.swift; sourceTree = "<group>"; };
		EB8056EB2B9F104F00A9E47A /* Date+Formatter.swift */ = {isa = PBXFileReference; lastKnownFileType = sourcecode.swift; path = "Date+Formatter.swift"; sourceTree = "<group>"; };
		EB8056ED2B9F115900A9E47A /* UITableView+Extensions.swift */ = {isa = PBXFileReference; lastKnownFileType = sourcecode.swift; path = "UITableView+Extensions.swift"; sourceTree = "<group>"; };
		EB8056FE2B9F133600A9E47A /* HomeBuilder.swift */ = {isa = PBXFileReference; lastKnownFileType = sourcecode.swift; path = HomeBuilder.swift; sourceTree = "<group>"; };
		EB8057002B9F143400A9E47A /* HomeProtocols.swift */ = {isa = PBXFileReference; lastKnownFileType = sourcecode.swift; path = HomeProtocols.swift; sourceTree = "<group>"; };
		EB8057022B9F147900A9E47A /* HomeDataManager.swift */ = {isa = PBXFileReference; lastKnownFileType = sourcecode.swift; path = HomeDataManager.swift; sourceTree = "<group>"; };
		EB8057042B9F1B6F00A9E47A /* HomePresenter.swift */ = {isa = PBXFileReference; lastKnownFileType = sourcecode.swift; path = HomePresenter.swift; sourceTree = "<group>"; };
		EB8057062B9F3ECE00A9E47A /* NotesItem+CoreDataClass.swift */ = {isa = PBXFileReference; lastKnownFileType = sourcecode.swift; path = "NotesItem+CoreDataClass.swift"; sourceTree = "<group>"; };
		EB8057072B9F3ECE00A9E47A /* NotesItem+CoreDataProperties.swift */ = {isa = PBXFileReference; lastKnownFileType = sourcecode.swift; path = "NotesItem+CoreDataProperties.swift"; sourceTree = "<group>"; };
		EB80570C2B9FD73F00A9E47A /* HomeViewController.swift */ = {isa = PBXFileReference; lastKnownFileType = sourcecode.swift; path = HomeViewController.swift; sourceTree = "<group>"; };
		EB80570E2B9FD80D00A9E47A /* NotesSearchController.swift */ = {isa = PBXFileReference; lastKnownFileType = sourcecode.swift; path = NotesSearchController.swift; sourceTree = "<group>"; };
		EB8057102B9FF45600A9E47A /* HomeViewController+Search.swift */ = {isa = PBXFileReference; lastKnownFileType = sourcecode.swift; path = "HomeViewController+Search.swift"; sourceTree = "<group>"; };
		EB8057142BA0202C00A9E47A /* HomeViewController+TableView.swift */ = {isa = PBXFileReference; lastKnownFileType = sourcecode.swift; path = "HomeViewController+TableView.swift"; sourceTree = "<group>"; };
		EB80571A2BA0212B00A9E47A /* NoteCell.swift */ = {isa = PBXFileReference; fileEncoding = 4; lastKnownFileType = sourcecode.swift; path = NoteCell.swift; sourceTree = "<group>"; };
		EB80571B2BA0212B00A9E47A /* NoteCell.xib */ = {isa = PBXFileReference; fileEncoding = 4; lastKnownFileType = file.xib; path = NoteCell.xib; sourceTree = "<group>"; };
		EB80571E2BA037D900A9E47A /* Main.storyboard */ = {isa = PBXFileReference; fileEncoding = 4; lastKnownFileType = file.storyboard; path = Main.storyboard; sourceTree = "<group>"; };
		EB80571F2BA037D900A9E47A /* LaunchScreen.storyboard */ = {isa = PBXFileReference; fileEncoding = 4; lastKnownFileType = file.storyboard; path = LaunchScreen.storyboard; sourceTree = "<group>"; };
		EB8057222BA04E4F00A9E47A /* UIContextualAction+ActionViewConfiguration.swift */ = {isa = PBXFileReference; lastKnownFileType = sourcecode.swift; path = "UIContextualAction+ActionViewConfiguration.swift"; sourceTree = "<group>"; };
		EB8057242BA060A400A9E47A /* HomeInteractor.swift */ = {isa = PBXFileReference; lastKnownFileType = sourcecode.swift; path = HomeInteractor.swift; sourceTree = "<group>"; };
		EB8057262BA06B3700A9E47A /* HomeRouter.swift */ = {isa = PBXFileReference; lastKnownFileType = sourcecode.swift; path = HomeRouter.swift; sourceTree = "<group>"; };
		EB8057282BA06BE200A9E47A /* NoteDetailsProtocols.swift */ = {isa = PBXFileReference; fileEncoding = 4; lastKnownFileType = sourcecode.swift; path = NoteDetailsProtocols.swift; sourceTree = "<group>"; };
		EB80572A2BA06BEF00A9E47A /* NoteDetailsViewController.swift */ = {isa = PBXFileReference; fileEncoding = 4; lastKnownFileType = sourcecode.swift; path = NoteDetailsViewController.swift; sourceTree = "<group>"; };
		EB80572C2BA06BF900A9E47A /* NoteDetailsInteractor.swift */ = {isa = PBXFileReference; fileEncoding = 4; lastKnownFileType = sourcecode.swift; path = NoteDetailsInteractor.swift; sourceTree = "<group>"; };
		EB80572E2BA06C0000A9E47A /* NoteDetailsPresenter.swift */ = {isa = PBXFileReference; fileEncoding = 4; lastKnownFileType = sourcecode.swift; path = NoteDetailsPresenter.swift; sourceTree = "<group>"; };
		EB8057302BA06C0800A9E47A /* NoteDataManager.swift */ = {isa = PBXFileReference; fileEncoding = 4; lastKnownFileType = sourcecode.swift; path = NoteDataManager.swift; sourceTree = "<group>"; };
		EB8057322BA06C1100A9E47A /* NoteDetailsRouter.swift */ = {isa = PBXFileReference; fileEncoding = 4; lastKnownFileType = sourcecode.swift; path = NoteDetailsRouter.swift; sourceTree = "<group>"; };
		EB8057342BA06C1900A9E47A /* NoteDetailsBuilder.swift */ = {isa = PBXFileReference; fileEncoding = 4; lastKnownFileType = sourcecode.swift; path = NoteDetailsBuilder.swift; sourceTree = "<group>"; };
		EB8057392BA1619F00A9E47A /* FavoritesViewController.swift */ = {isa = PBXFileReference; lastKnownFileType = sourcecode.swift; path = FavoritesViewController.swift; sourceTree = "<group>"; };
		EB80573C2BA164E400A9E47A /* FavoritesProtocols.swift */ = {isa = PBXFileReference; lastKnownFileType = sourcecode.swift; path = FavoritesProtocols.swift; sourceTree = "<group>"; };
		EB80573F2BA16ADB00A9E47A /* FavoritesRouter.swift */ = {isa = PBXFileReference; lastKnownFileType = sourcecode.swift; path = FavoritesRouter.swift; sourceTree = "<group>"; };
		EB8057422BA16FF300A9E47A /* FavoritesBuilder.swift */ = {isa = PBXFileReference; lastKnownFileType = sourcecode.swift; path = FavoritesBuilder.swift; sourceTree = "<group>"; };
		EB8057452BA173A800A9E47A /* FavoritesPresenter.swift */ = {isa = PBXFileReference; lastKnownFileType = sourcecode.swift; path = FavoritesPresenter.swift; sourceTree = "<group>"; };
		EB8057482BA1751400A9E47A /* FavoritesInteractor.swift */ = {isa = PBXFileReference; lastKnownFileType = sourcecode.swift; path = FavoritesInteractor.swift; sourceTree = "<group>"; };
		EB80574B2BA1761200A9E47A /* FavoritesDataManager.swift */ = {isa = PBXFileReference; lastKnownFileType = sourcecode.swift; path = FavoritesDataManager.swift; sourceTree = "<group>"; };
		EB80574E2BA177CF00A9E47A /* FavoritesViewController+Search.swift */ = {isa = PBXFileReference; lastKnownFileType = sourcecode.swift; path = "FavoritesViewController+Search.swift"; sourceTree = "<group>"; };
		EB8057502BA1783200A9E47A /* FavoritesViewController+TableView.swift */ = {isa = PBXFileReference; lastKnownFileType = sourcecode.swift; path = "FavoritesViewController+TableView.swift"; sourceTree = "<group>"; };
		EB8057522BA183CF00A9E47A /* Array+SortByFavorites.swift */ = {isa = PBXFileReference; lastKnownFileType = sourcecode.swift; path = "Array+SortByFavorites.swift"; sourceTree = "<group>"; };
		EB80575D2BA1F38300A9E47A /* StorageManagerTests.swift */ = {isa = PBXFileReference; fileEncoding = 4; lastKnownFileType = sourcecode.swift; path = StorageManagerTests.swift; sourceTree = "<group>"; };
		EB8057602BA1F3C900A9E47A /* HomeViewControllerTests.swift */ = {isa = PBXFileReference; fileEncoding = 4; lastKnownFileType = sourcecode.swift; path = HomeViewControllerTests.swift; sourceTree = "<group>"; };
		EB8057622BA1F3C900A9E47A /* NoteDisplayModelTests.swift */ = {isa = PBXFileReference; fileEncoding = 4; lastKnownFileType = sourcecode.swift; path = NoteDisplayModelTests.swift; sourceTree = "<group>"; };
		EB80576C2BA336FC00A9E47A /* FavoritesViewControllerTests.swift */ = {isa = PBXFileReference; lastKnownFileType = sourcecode.swift; path = FavoritesViewControllerTests.swift; sourceTree = "<group>"; };
		EB80576F2BA33C7900A9E47A /* NoteDetailsViewControllerTests.swift */ = {isa = PBXFileReference; lastKnownFileType = sourcecode.swift; path = NoteDetailsViewControllerTests.swift; sourceTree = "<group>"; };
		EBA3CF5B2B9F03D3004201B0 /* NotesApp.app */ = {isa = PBXFileReference; explicitFileType = wrapper.application; includeInIndex = 0; path = NotesApp.app; sourceTree = BUILT_PRODUCTS_DIR; };
		EBA3CF5E2B9F03D3004201B0 /* AppDelegate.swift */ = {isa = PBXFileReference; lastKnownFileType = sourcecode.swift; path = AppDelegate.swift; sourceTree = "<group>"; };
		EBA3CF682B9F03D3004201B0 /* NotesApp.xcdatamodel */ = {isa = PBXFileReference; lastKnownFileType = wrapper.xcdatamodel; path = NotesApp.xcdatamodel; sourceTree = "<group>"; };
		EBA3CF6A2B9F03D4004201B0 /* Assets.xcassets */ = {isa = PBXFileReference; lastKnownFileType = folder.assetcatalog; path = Assets.xcassets; sourceTree = "<group>"; };
		EBA3CF6F2B9F03D4004201B0 /* Info.plist */ = {isa = PBXFileReference; lastKnownFileType = text.plist.xml; path = Info.plist; sourceTree = "<group>"; };
		EBA3CF742B9F03D5004201B0 /* NotesAppUnitTests.xctest */ = {isa = PBXFileReference; explicitFileType = wrapper.cfbundle; includeInIndex = 0; path = NotesAppUnitTests.xctest; sourceTree = BUILT_PRODUCTS_DIR; };
/* End PBXFileReference section */

/* Begin PBXFrameworksBuildPhase section */
		EBA3CF582B9F03D3004201B0 /* Frameworks */ = {
			isa = PBXFrameworksBuildPhase;
			buildActionMask = 2147483647;
			files = (
			);
			runOnlyForDeploymentPostprocessing = 0;
		};
		EBA3CF712B9F03D5004201B0 /* Frameworks */ = {
			isa = PBXFrameworksBuildPhase;
			buildActionMask = 2147483647;
			files = (
			);
			runOnlyForDeploymentPostprocessing = 0;
		};
/* End PBXFrameworksBuildPhase section */

/* Begin PBXGroup section */
		EB8056DA2B9F0C2700A9E47A /* Contracts */ = {
			isa = PBXGroup;
			children = (
				EB8056DB2B9F0C4500A9E47A /* StorageManagerProtocol.swift */,
			);
			path = Contracts;
			sourceTree = "<group>";
		};
		EB8056DD2B9F0C9000A9E47A /* Entities */ = {
			isa = PBXGroup;
			children = (
				EB8057022B9F147900A9E47A /* HomeDataManager.swift */,
			);
			path = Entities;
			sourceTree = "<group>";
		};
		EB8056DE2B9F0CA500A9E47A /* NoteDisplayModel */ = {
			isa = PBXGroup;
			children = (
				EB8056E02B9F0CC500A9E47A /* Contracts */,
				EB8056E72B9F0FFE00A9E47A /* NoteDisplayModel.swift */,
			);
			path = NoteDisplayModel;
			sourceTree = "<group>";
		};
		EB8056DF2B9F0CB400A9E47A /* NoteCell */ = {
			isa = PBXGroup;
			children = (
				EB80571A2BA0212B00A9E47A /* NoteCell.swift */,
				EB80571B2BA0212B00A9E47A /* NoteCell.xib */,
			);
			path = NoteCell;
			sourceTree = "<group>";
		};
		EB8056E02B9F0CC500A9E47A /* Contracts */ = {
			isa = PBXGroup;
			children = (
				EB8056E12B9F0CE600A9E47A /* NoteModelProtocol.swift */,
			);
			path = Contracts;
			sourceTree = "<group>";
		};
		EB8056EA2B9F103B00A9E47A /* Extensions */ = {
			isa = PBXGroup;
			children = (
				EB8056EB2B9F104F00A9E47A /* Date+Formatter.swift */,
				EB8056ED2B9F115900A9E47A /* UITableView+Extensions.swift */,
				EB8057222BA04E4F00A9E47A /* UIContextualAction+ActionViewConfiguration.swift */,
				EB8057522BA183CF00A9E47A /* Array+SortByFavorites.swift */,
			);
			path = Extensions;
			sourceTree = "<group>";
		};
		EB8056F12B9F122400A9E47A /* Router */ = {
			isa = PBXGroup;
			children = (
				EB8057262BA06B3700A9E47A /* HomeRouter.swift */,
			);
			path = Router;
			sourceTree = "<group>";
		};
		EB8056F22B9F124900A9E47A /* Presenter */ = {
			isa = PBXGroup;
			children = (
				EB8057042B9F1B6F00A9E47A /* HomePresenter.swift */,
			);
			path = Presenter;
			sourceTree = "<group>";
		};
		EB8056F32B9F125300A9E47A /* Interactor */ = {
			isa = PBXGroup;
			children = (
				EB8057242BA060A400A9E47A /* HomeInteractor.swift */,
			);
			path = Interactor;
			sourceTree = "<group>";
		};
		EB8056F42B9F125A00A9E47A /* View */ = {
			isa = PBXGroup;
			children = (
				EB80570C2B9FD73F00A9E47A /* HomeViewController.swift */,
				EB8057102B9FF45600A9E47A /* HomeViewController+Search.swift */,
				EB8057142BA0202C00A9E47A /* HomeViewController+TableView.swift */,
			);
			path = View;
			sourceTree = "<group>";
		};
		EB8056F52B9F127300A9E47A /* Builder */ = {
			isa = PBXGroup;
			children = (
				EB8056FE2B9F133600A9E47A /* HomeBuilder.swift */,
			);
			path = Builder;
			sourceTree = "<group>";
		};
		EB8056F62B9F129800A9E47A /* Contracts */ = {
			isa = PBXGroup;
			children = (
				EB8057002B9F143400A9E47A /* HomeProtocols.swift */,
			);
			path = Contracts;
			sourceTree = "<group>";
		};
		EB8056F72B9F12BC00A9E47A /* Builder */ = {
			isa = PBXGroup;
			children = (
				EB8057342BA06C1900A9E47A /* NoteDetailsBuilder.swift */,
			);
			path = Builder;
			sourceTree = "<group>";
		};
		EB8056F82B9F12D800A9E47A /* Router */ = {
			isa = PBXGroup;
			children = (
				EB8057322BA06C1100A9E47A /* NoteDetailsRouter.swift */,
			);
			path = Router;
			sourceTree = "<group>";
		};
		EB8056F92B9F12E000A9E47A /* Entities */ = {
			isa = PBXGroup;
			children = (
				EB8057302BA06C0800A9E47A /* NoteDataManager.swift */,
			);
			path = Entities;
			sourceTree = "<group>";
		};
		EB8056FA2B9F12EC00A9E47A /* Presenter */ = {
			isa = PBXGroup;
			children = (
				EB80572E2BA06C0000A9E47A /* NoteDetailsPresenter.swift */,
			);
			path = Presenter;
			sourceTree = "<group>";
		};
		EB8056FB2B9F12FB00A9E47A /* Interactor */ = {
			isa = PBXGroup;
			children = (
				EB80572C2BA06BF900A9E47A /* NoteDetailsInteractor.swift */,
			);
			path = Interactor;
			sourceTree = "<group>";
		};
		EB8056FC2B9F130200A9E47A /* View */ = {
			isa = PBXGroup;
			children = (
				EB80572A2BA06BEF00A9E47A /* NoteDetailsViewController.swift */,
			);
			path = View;
			sourceTree = "<group>";
		};
		EB8056FD2B9F130B00A9E47A /* Contracts */ = {
			isa = PBXGroup;
			children = (
				EB8057282BA06BE200A9E47A /* NoteDetailsProtocols.swift */,
			);
			path = Contracts;
			sourceTree = "<group>";
		};
		EB8057362BA12D5100A9E47A /* FavoritesScene */ = {
			isa = PBXGroup;
			children = (
				EB80573B2BA164CC00A9E47A /* Contracts */,
				EB8057372BA12D6700A9E47A /* View */,
				EB8057472BA174FE00A9E47A /* Interactor */,
				EB8057442BA1739400A9E47A /* Presenter */,
				EB80574A2BA175FB00A9E47A /* Entities */,
				EB80573E2BA16A8900A9E47A /* Router */,
				EB8057412BA16FD400A9E47A /* Builder */,
			);
			path = FavoritesScene;
			sourceTree = "<group>";
		};
		EB8057372BA12D6700A9E47A /* View */ = {
			isa = PBXGroup;
			children = (
				EB8057392BA1619F00A9E47A /* FavoritesViewController.swift */,
				EB80574E2BA177CF00A9E47A /* FavoritesViewController+Search.swift */,
				EB8057502BA1783200A9E47A /* FavoritesViewController+TableView.swift */,
			);
			path = View;
			sourceTree = "<group>";
		};
		EB80573B2BA164CC00A9E47A /* Contracts */ = {
			isa = PBXGroup;
			children = (
				EB80573C2BA164E400A9E47A /* FavoritesProtocols.swift */,
			);
			path = Contracts;
			sourceTree = "<group>";
		};
		EB80573E2BA16A8900A9E47A /* Router */ = {
			isa = PBXGroup;
			children = (
				EB80573F2BA16ADB00A9E47A /* FavoritesRouter.swift */,
			);
			path = Router;
			sourceTree = "<group>";
		};
		EB8057412BA16FD400A9E47A /* Builder */ = {
			isa = PBXGroup;
			children = (
				EB8057422BA16FF300A9E47A /* FavoritesBuilder.swift */,
			);
			path = Builder;
			sourceTree = "<group>";
		};
		EB8057442BA1739400A9E47A /* Presenter */ = {
			isa = PBXGroup;
			children = (
				EB8057452BA173A800A9E47A /* FavoritesPresenter.swift */,
			);
			path = Presenter;
			sourceTree = "<group>";
		};
		EB8057472BA174FE00A9E47A /* Interactor */ = {
			isa = PBXGroup;
			children = (
				EB8057482BA1751400A9E47A /* FavoritesInteractor.swift */,
			);
			path = Interactor;
			sourceTree = "<group>";
		};
		EB80574A2BA175FB00A9E47A /* Entities */ = {
			isa = PBXGroup;
			children = (
				EB80574B2BA1761200A9E47A /* FavoritesDataManager.swift */,
			);
			path = Entities;
			sourceTree = "<group>";
		};
		EB8057562BA19B6600A9E47A /* Search */ = {
			isa = PBXGroup;
			children = (
				EB80570E2B9FD80D00A9E47A /* NotesSearchController.swift */,
			);
			path = Search;
			sourceTree = "<group>";
		};
		EB8057572BA1A09600A9E47A /* Entities */ = {
			isa = PBXGroup;
			children = (
				EB8056DF2B9F0CB400A9E47A /* NoteCell */,
				EB8056DE2B9F0CA500A9E47A /* NoteDisplayModel */,
				EB8057562BA19B6600A9E47A /* Search */,
			);
			path = Entities;
			sourceTree = "<group>";
		};
		EB8057582BA1F25C00A9E47A /* CommonTests */ = {
			isa = PBXGroup;
			children = (
				EB8057642BA1F3C900A9E47A /* EntitiesTests */,
				EB80575E2BA1F38300A9E47A /* CoreDataTests */,
			);
			path = CommonTests;
			sourceTree = "<group>";
		};
		EB8057592BA1F27200A9E47A /* ScenesTests */ = {
			isa = PBXGroup;
			children = (
				EB80575A2BA1F27E00A9E47A /* HomeSceneTests */,
				EB80575C2BA1F2AE00A9E47A /* FavoritesSceneTests */,
				EB80575B2BA1F2A100A9E47A /* NoteSceneTests */,
			);
			path = ScenesTests;
			sourceTree = "<group>";
		};
		EB80575A2BA1F27E00A9E47A /* HomeSceneTests */ = {
			isa = PBXGroup;
			children = (
				EB8057612BA1F3C900A9E47A /* ViewTests */,
			);
			path = HomeSceneTests;
			sourceTree = "<group>";
		};
		EB80575B2BA1F2A100A9E47A /* NoteSceneTests */ = {
			isa = PBXGroup;
			children = (
				EB80576E2BA33C5300A9E47A /* ViewTests */,
			);
			path = NoteSceneTests;
			sourceTree = "<group>";
		};
		EB80575C2BA1F2AE00A9E47A /* FavoritesSceneTests */ = {
			isa = PBXGroup;
			children = (
				EB80576B2BA336BB00A9E47A /* ViewTests */,
			);
			path = FavoritesSceneTests;
			sourceTree = "<group>";
		};
		EB80575E2BA1F38300A9E47A /* CoreDataTests */ = {
			isa = PBXGroup;
			children = (
				EB80575D2BA1F38300A9E47A /* StorageManagerTests.swift */,
			);
			path = CoreDataTests;
			sourceTree = "<group>";
		};
		EB8057612BA1F3C900A9E47A /* ViewTests */ = {
			isa = PBXGroup;
			children = (
				EB8057602BA1F3C900A9E47A /* HomeViewControllerTests.swift */,
			);
			path = ViewTests;
			sourceTree = "<group>";
		};
		EB8057632BA1F3C900A9E47A /* NoteDisplayModelTests */ = {
			isa = PBXGroup;
			children = (
				EB8057622BA1F3C900A9E47A /* NoteDisplayModelTests.swift */,
			);
			path = NoteDisplayModelTests;
			sourceTree = "<group>";
		};
		EB8057642BA1F3C900A9E47A /* EntitiesTests */ = {
			isa = PBXGroup;
			children = (
				EB8057632BA1F3C900A9E47A /* NoteDisplayModelTests */,
			);
			path = EntitiesTests;
			sourceTree = "<group>";
		};
		EB80576B2BA336BB00A9E47A /* ViewTests */ = {
			isa = PBXGroup;
			children = (
				EB80576C2BA336FC00A9E47A /* FavoritesViewControllerTests.swift */,
			);
			path = ViewTests;
			sourceTree = "<group>";
		};
		EB80576E2BA33C5300A9E47A /* ViewTests */ = {
			isa = PBXGroup;
			children = (
				EB80576F2BA33C7900A9E47A /* NoteDetailsViewControllerTests.swift */,
			);
			path = ViewTests;
			sourceTree = "<group>";
		};
		EBA3CF522B9F03D3004201B0 = {
			isa = PBXGroup;
			children = (
				EB6392DE2BA6F28A004461A9 /* NotesAppUnitTests.xctestplan */,
				EBA3CF5D2B9F03D3004201B0 /* NotesApp */,
				EBA3CF772B9F03D5004201B0 /* NotesAppUnitTests */,
				EBA3CF5C2B9F03D3004201B0 /* Products */,
			);
			sourceTree = "<group>";
		};
		EBA3CF5C2B9F03D3004201B0 /* Products */ = {
			isa = PBXGroup;
			children = (
				EBA3CF5B2B9F03D3004201B0 /* NotesApp.app */,
				EBA3CF742B9F03D5004201B0 /* NotesAppUnitTests.xctest */,
			);
			name = Products;
			sourceTree = "<group>";
		};
		EBA3CF5D2B9F03D3004201B0 /* NotesApp */ = {
			isa = PBXGroup;
			children = (
				EBA3CF912B9F0423004201B0 /* Common */,
				EBA3CF922B9F0429004201B0 /* Scenes */,
			);
			path = NotesApp;
			sourceTree = "<group>";
		};
		EBA3CF772B9F03D5004201B0 /* NotesAppUnitTests */ = {
			isa = PBXGroup;
			children = (
				EB8057582BA1F25C00A9E47A /* CommonTests */,
				EB8057592BA1F27200A9E47A /* ScenesTests */,
			);
			path = NotesAppUnitTests;
			sourceTree = "<group>";
		};
		EBA3CF912B9F0423004201B0 /* Common */ = {
			isa = PBXGroup;
			children = (
				EBA3CF942B9F043C004201B0 /* App */,
				EB8057572BA1A09600A9E47A /* Entities */,
				EB8056EA2B9F103B00A9E47A /* Extensions */,
				EBA3CF932B9F0432004201B0 /* CoreData */,
				EBA3CF952B9F0446004201B0 /* Storyboards */,
			);
			path = Common;
			sourceTree = "<group>";
		};
		EBA3CF922B9F0429004201B0 /* Scenes */ = {
			isa = PBXGroup;
			children = (
				EBA3CF962B9F04B0004201B0 /* HomeScene */,
				EB8057362BA12D5100A9E47A /* FavoritesScene */,
				EBA3CF972B9F04BD004201B0 /* NoteScene */,
			);
			path = Scenes;
			sourceTree = "<group>";
		};
		EBA3CF932B9F0432004201B0 /* CoreData */ = {
			isa = PBXGroup;
			children = (
				EB8056DA2B9F0C2700A9E47A /* Contracts */,
				EBA3CF9C2B9F086E004201B0 /* NotesItem */,
				EBA3CF672B9F03D3004201B0 /* NotesApp.xcdatamodeld */,
				EB8056E32B9F0FA800A9E47A /* CoreDataManager.swift */,
				EB8056E52B9F0FD400A9E47A /* NoteModelDataAdapter.swift */,
			);
			path = CoreData;
			sourceTree = "<group>";
		};
		EBA3CF942B9F043C004201B0 /* App */ = {
			isa = PBXGroup;
			children = (
				EBA3CF5E2B9F03D3004201B0 /* AppDelegate.swift */,
				EBA3CF6A2B9F03D4004201B0 /* Assets.xcassets */,
				EBA3CF6F2B9F03D4004201B0 /* Info.plist */,
			);
			path = App;
			sourceTree = "<group>";
		};
		EBA3CF952B9F0446004201B0 /* Storyboards */ = {
			isa = PBXGroup;
			children = (
				EB80571F2BA037D900A9E47A /* LaunchScreen.storyboard */,
				EB80571E2BA037D900A9E47A /* Main.storyboard */,
			);
			path = Storyboards;
			sourceTree = "<group>";
		};
		EBA3CF962B9F04B0004201B0 /* HomeScene */ = {
			isa = PBXGroup;
			children = (
				EB8056F62B9F129800A9E47A /* Contracts */,
				EB8056F42B9F125A00A9E47A /* View */,
				EB8056F32B9F125300A9E47A /* Interactor */,
				EB8056F22B9F124900A9E47A /* Presenter */,
				EB8056DD2B9F0C9000A9E47A /* Entities */,
				EB8056F12B9F122400A9E47A /* Router */,
				EB8056F52B9F127300A9E47A /* Builder */,
			);
			path = HomeScene;
			sourceTree = "<group>";
		};
		EBA3CF972B9F04BD004201B0 /* NoteScene */ = {
			isa = PBXGroup;
			children = (
				EB8056FD2B9F130B00A9E47A /* Contracts */,
				EB8056FC2B9F130200A9E47A /* View */,
				EB8056FB2B9F12FB00A9E47A /* Interactor */,
				EB8056FA2B9F12EC00A9E47A /* Presenter */,
				EB8056F92B9F12E000A9E47A /* Entities */,
				EB8056F82B9F12D800A9E47A /* Router */,
				EB8056F72B9F12BC00A9E47A /* Builder */,
			);
			path = NoteScene;
			sourceTree = "<group>";
		};
		EBA3CF9C2B9F086E004201B0 /* NotesItem */ = {
			isa = PBXGroup;
			children = (
				EB8057062B9F3ECE00A9E47A /* NotesItem+CoreDataClass.swift */,
				EB8057072B9F3ECE00A9E47A /* NotesItem+CoreDataProperties.swift */,
			);
			path = NotesItem;
			sourceTree = "<group>";
		};
/* End PBXGroup section */

/* Begin PBXNativeTarget section */
		EBA3CF5A2B9F03D3004201B0 /* NotesApp */ = {
			isa = PBXNativeTarget;
			buildConfigurationList = EBA3CF882B9F03D5004201B0 /* Build configuration list for PBXNativeTarget "NotesApp" */;
			buildPhases = (
				EBA3CF572B9F03D3004201B0 /* Sources */,
				EBA3CF582B9F03D3004201B0 /* Frameworks */,
				EBA3CF592B9F03D3004201B0 /* Resources */,
			);
			buildRules = (
			);
			dependencies = (
			);
			name = NotesApp;
			productName = NotesApp;
			productReference = EBA3CF5B2B9F03D3004201B0 /* NotesApp.app */;
			productType = "com.apple.product-type.application";
		};
		EBA3CF732B9F03D5004201B0 /* NotesAppUnitTests */ = {
			isa = PBXNativeTarget;
			buildConfigurationList = EBA3CF8B2B9F03D5004201B0 /* Build configuration list for PBXNativeTarget "NotesAppUnitTests" */;
			buildPhases = (
				EBA3CF702B9F03D5004201B0 /* Sources */,
				EBA3CF712B9F03D5004201B0 /* Frameworks */,
				EBA3CF722B9F03D5004201B0 /* Resources */,
			);
			buildRules = (
			);
			dependencies = (
				EBA3CF762B9F03D5004201B0 /* PBXTargetDependency */,
			);
			name = NotesAppUnitTests;
			productName = NotesAppTests;
			productReference = EBA3CF742B9F03D5004201B0 /* NotesAppUnitTests.xctest */;
			productType = "com.apple.product-type.bundle.unit-test";
		};
/* End PBXNativeTarget section */

/* Begin PBXProject section */
		EBA3CF532B9F03D3004201B0 /* Project object */ = {
			isa = PBXProject;
			attributes = {
				BuildIndependentTargetsInParallel = 1;
				LastSwiftUpdateCheck = 1530;
				LastUpgradeCheck = 1530;
				TargetAttributes = {
					EBA3CF5A2B9F03D3004201B0 = {
						CreatedOnToolsVersion = 15.3;
					};
					EBA3CF732B9F03D5004201B0 = {
						CreatedOnToolsVersion = 15.3;
						TestTargetID = EBA3CF5A2B9F03D3004201B0;
					};
				};
			};
			buildConfigurationList = EBA3CF562B9F03D3004201B0 /* Build configuration list for PBXProject "NotesApp" */;
			compatibilityVersion = "Xcode 14.0";
			developmentRegion = en;
			hasScannedForEncodings = 0;
			knownRegions = (
				en,
				Base,
			);
			mainGroup = EBA3CF522B9F03D3004201B0;
			productRefGroup = EBA3CF5C2B9F03D3004201B0 /* Products */;
			projectDirPath = "";
			projectRoot = "";
			targets = (
				EBA3CF5A2B9F03D3004201B0 /* NotesApp */,
				EBA3CF732B9F03D5004201B0 /* NotesAppUnitTests */,
			);
		};
/* End PBXProject section */

/* Begin PBXResourcesBuildPhase section */
		EBA3CF592B9F03D3004201B0 /* Resources */ = {
			isa = PBXResourcesBuildPhase;
			buildActionMask = 2147483647;
			files = (
				EBA3CF6B2B9F03D4004201B0 /* Assets.xcassets in Resources */,
				EB8057202BA037D900A9E47A /* Main.storyboard in Resources */,
				EB8057212BA037D900A9E47A /* LaunchScreen.storyboard in Resources */,
				EB80571D2BA0212B00A9E47A /* NoteCell.xib in Resources */,
			);
			runOnlyForDeploymentPostprocessing = 0;
		};
		EBA3CF722B9F03D5004201B0 /* Resources */ = {
			isa = PBXResourcesBuildPhase;
			buildActionMask = 2147483647;
			files = (
			);
			runOnlyForDeploymentPostprocessing = 0;
		};
/* End PBXResourcesBuildPhase section */

/* Begin PBXSourcesBuildPhase section */
		EBA3CF572B9F03D3004201B0 /* Sources */ = {
			isa = PBXSourcesBuildPhase;
			buildActionMask = 2147483647;
			files = (
				EB8057232BA04E4F00A9E47A /* UIContextualAction+ActionViewConfiguration.swift in Sources */,
				EB80572D2BA06BF900A9E47A /* NoteDetailsInteractor.swift in Sources */,
				EB8057152BA0202C00A9E47A /* HomeViewController+TableView.swift in Sources */,
				EB80572B2BA06BEF00A9E47A /* NoteDetailsViewController.swift in Sources */,
				EB8056EC2B9F104F00A9E47A /* Date+Formatter.swift in Sources */,
				EB8057252BA060A400A9E47A /* HomeInteractor.swift in Sources */,
				EB8056FF2B9F133600A9E47A /* HomeBuilder.swift in Sources */,
				EBA3CF5F2B9F03D3004201B0 /* AppDelegate.swift in Sources */,
				EB80574C2BA1761200A9E47A /* FavoritesDataManager.swift in Sources */,
				EB8057012B9F143400A9E47A /* HomeProtocols.swift in Sources */,
				EB80570D2B9FD73F00A9E47A /* HomeViewController.swift in Sources */,
				EB80570F2B9FD80D00A9E47A /* NotesSearchController.swift in Sources */,
				EB8057492BA1751400A9E47A /* FavoritesInteractor.swift in Sources */,
				EB8056E42B9F0FA800A9E47A /* CoreDataManager.swift in Sources */,
				EB8056DC2B9F0C4500A9E47A /* StorageManagerProtocol.swift in Sources */,
				EBA3CF692B9F03D3004201B0 /* NotesApp.xcdatamodeld in Sources */,
				EB8057432BA16FF300A9E47A /* FavoritesBuilder.swift in Sources */,
				EB8057402BA16ADB00A9E47A /* FavoritesRouter.swift in Sources */,
				EB8057312BA06C0800A9E47A /* NoteDataManager.swift in Sources */,
				EB8057032B9F147900A9E47A /* HomeDataManager.swift in Sources */,
				EB8057332BA06C1100A9E47A /* NoteDetailsRouter.swift in Sources */,
				EB8057272BA06B3700A9E47A /* HomeRouter.swift in Sources */,
				EB8056EE2B9F115900A9E47A /* UITableView+Extensions.swift in Sources */,
				EB80572F2BA06C0000A9E47A /* NoteDetailsPresenter.swift in Sources */,
				EB80573D2BA164E400A9E47A /* FavoritesProtocols.swift in Sources */,
				EB80571C2BA0212B00A9E47A /* NoteCell.swift in Sources */,
				EB8057352BA06C1900A9E47A /* NoteDetailsBuilder.swift in Sources */,
				EB8057082B9F3ECE00A9E47A /* NotesItem+CoreDataClass.swift in Sources */,
				EB8057092B9F3ECE00A9E47A /* NotesItem+CoreDataProperties.swift in Sources */,
				EB8056E82B9F0FFE00A9E47A /* NoteDisplayModel.swift in Sources */,
				EB8057512BA1783200A9E47A /* FavoritesViewController+TableView.swift in Sources */,
				EB8057292BA06BE200A9E47A /* NoteDetailsProtocols.swift in Sources */,
				EB8057112B9FF45600A9E47A /* HomeViewController+Search.swift in Sources */,
				EB8057462BA173A800A9E47A /* FavoritesPresenter.swift in Sources */,
				EB80574F2BA177CF00A9E47A /* FavoritesViewController+Search.swift in Sources */,
				EB80573A2BA1619F00A9E47A /* FavoritesViewController.swift in Sources */,
				EB8056E22B9F0CE600A9E47A /* NoteModelProtocol.swift in Sources */,
				EB8057532BA183CF00A9E47A /* Array+SortByFavorites.swift in Sources */,
				EB8056E62B9F0FD400A9E47A /* NoteModelDataAdapter.swift in Sources */,
				EB8057052B9F1B6F00A9E47A /* HomePresenter.swift in Sources */,
			);
			runOnlyForDeploymentPostprocessing = 0;
		};
		EBA3CF702B9F03D5004201B0 /* Sources */ = {
			isa = PBXSourcesBuildPhase;
			buildActionMask = 2147483647;
			files = (
				EB80576D2BA336FC00A9E47A /* FavoritesViewControllerTests.swift in Sources */,
				EB8057672BA1F3C900A9E47A /* HomeViewControllerTests.swift in Sources */,
				EB8057682BA1F3C900A9E47A /* NoteDisplayModelTests.swift in Sources */,
				EB80575F2BA1F38300A9E47A /* StorageManagerTests.swift in Sources */,
				EB8057702BA33C7900A9E47A /* NoteDetailsViewControllerTests.swift in Sources */,
			);
			runOnlyForDeploymentPostprocessing = 0;
		};
/* End PBXSourcesBuildPhase section */

/* Begin PBXTargetDependency section */
		EBA3CF762B9F03D5004201B0 /* PBXTargetDependency */ = {
			isa = PBXTargetDependency;
			target = EBA3CF5A2B9F03D3004201B0 /* NotesApp */;
			targetProxy = EBA3CF752B9F03D5004201B0 /* PBXContainerItemProxy */;
		};
/* End PBXTargetDependency section */

/* Begin XCBuildConfiguration section */
		EBA3CF862B9F03D5004201B0 /* Debug */ = {
			isa = XCBuildConfiguration;
			buildSettings = {
				ALWAYS_SEARCH_USER_PATHS = NO;
				ASSETCATALOG_COMPILER_GENERATE_SWIFT_ASSET_SYMBOL_EXTENSIONS = YES;
				CLANG_ANALYZER_NONNULL = YES;
				CLANG_ANALYZER_NUMBER_OBJECT_CONVERSION = YES_AGGRESSIVE;
				CLANG_CXX_LANGUAGE_STANDARD = "gnu++20";
				CLANG_ENABLE_MODULES = YES;
				CLANG_ENABLE_OBJC_ARC = YES;
				CLANG_ENABLE_OBJC_WEAK = YES;
				CLANG_WARN_BLOCK_CAPTURE_AUTORELEASING = YES;
				CLANG_WARN_BOOL_CONVERSION = YES;
				CLANG_WARN_COMMA = YES;
				CLANG_WARN_CONSTANT_CONVERSION = YES;
				CLANG_WARN_DEPRECATED_OBJC_IMPLEMENTATIONS = YES;
				CLANG_WARN_DIRECT_OBJC_ISA_USAGE = YES_ERROR;
				CLANG_WARN_DOCUMENTATION_COMMENTS = YES;
				CLANG_WARN_EMPTY_BODY = YES;
				CLANG_WARN_ENUM_CONVERSION = YES;
				CLANG_WARN_INFINITE_RECURSION = YES;
				CLANG_WARN_INT_CONVERSION = YES;
				CLANG_WARN_NON_LITERAL_NULL_CONVERSION = YES;
				CLANG_WARN_OBJC_IMPLICIT_RETAIN_SELF = YES;
				CLANG_WARN_OBJC_LITERAL_CONVERSION = YES;
				CLANG_WARN_OBJC_ROOT_CLASS = YES_ERROR;
				CLANG_WARN_QUOTED_INCLUDE_IN_FRAMEWORK_HEADER = YES;
				CLANG_WARN_RANGE_LOOP_ANALYSIS = YES;
				CLANG_WARN_STRICT_PROTOTYPES = YES;
				CLANG_WARN_SUSPICIOUS_MOVE = YES;
				CLANG_WARN_UNGUARDED_AVAILABILITY = YES_AGGRESSIVE;
				CLANG_WARN_UNREACHABLE_CODE = YES;
				CLANG_WARN__DUPLICATE_METHOD_MATCH = YES;
				COPY_PHASE_STRIP = NO;
				DEBUG_INFORMATION_FORMAT = dwarf;
				ENABLE_STRICT_OBJC_MSGSEND = YES;
				ENABLE_TESTABILITY = YES;
				ENABLE_USER_SCRIPT_SANDBOXING = YES;
				GCC_C_LANGUAGE_STANDARD = gnu17;
				GCC_DYNAMIC_NO_PIC = NO;
				GCC_NO_COMMON_BLOCKS = YES;
				GCC_OPTIMIZATION_LEVEL = 0;
				GCC_PREPROCESSOR_DEFINITIONS = (
					"DEBUG=1",
					"$(inherited)",
				);
				GCC_WARN_64_TO_32_BIT_CONVERSION = YES;
				GCC_WARN_ABOUT_RETURN_TYPE = YES_ERROR;
				GCC_WARN_UNDECLARED_SELECTOR = YES;
				GCC_WARN_UNINITIALIZED_AUTOS = YES_AGGRESSIVE;
				GCC_WARN_UNUSED_FUNCTION = YES;
				GCC_WARN_UNUSED_VARIABLE = YES;
				IPHONEOS_DEPLOYMENT_TARGET = 17.4;
				LOCALIZATION_PREFERS_STRING_CATALOGS = YES;
				MTL_ENABLE_DEBUG_INFO = INCLUDE_SOURCE;
				MTL_FAST_MATH = YES;
				ONLY_ACTIVE_ARCH = YES;
				SDKROOT = iphoneos;
				SWIFT_ACTIVE_COMPILATION_CONDITIONS = "DEBUG $(inherited)";
				SWIFT_OPTIMIZATION_LEVEL = "-Onone";
			};
			name = Debug;
		};
		EBA3CF872B9F03D5004201B0 /* Release */ = {
			isa = XCBuildConfiguration;
			buildSettings = {
				ALWAYS_SEARCH_USER_PATHS = NO;
				ASSETCATALOG_COMPILER_GENERATE_SWIFT_ASSET_SYMBOL_EXTENSIONS = YES;
				CLANG_ANALYZER_NONNULL = YES;
				CLANG_ANALYZER_NUMBER_OBJECT_CONVERSION = YES_AGGRESSIVE;
				CLANG_CXX_LANGUAGE_STANDARD = "gnu++20";
				CLANG_ENABLE_MODULES = YES;
				CLANG_ENABLE_OBJC_ARC = YES;
				CLANG_ENABLE_OBJC_WEAK = YES;
				CLANG_WARN_BLOCK_CAPTURE_AUTORELEASING = YES;
				CLANG_WARN_BOOL_CONVERSION = YES;
				CLANG_WARN_COMMA = YES;
				CLANG_WARN_CONSTANT_CONVERSION = YES;
				CLANG_WARN_DEPRECATED_OBJC_IMPLEMENTATIONS = YES;
				CLANG_WARN_DIRECT_OBJC_ISA_USAGE = YES_ERROR;
				CLANG_WARN_DOCUMENTATION_COMMENTS = YES;
				CLANG_WARN_EMPTY_BODY = YES;
				CLANG_WARN_ENUM_CONVERSION = YES;
				CLANG_WARN_INFINITE_RECURSION = YES;
				CLANG_WARN_INT_CONVERSION = YES;
				CLANG_WARN_NON_LITERAL_NULL_CONVERSION = YES;
				CLANG_WARN_OBJC_IMPLICIT_RETAIN_SELF = YES;
				CLANG_WARN_OBJC_LITERAL_CONVERSION = YES;
				CLANG_WARN_OBJC_ROOT_CLASS = YES_ERROR;
				CLANG_WARN_QUOTED_INCLUDE_IN_FRAMEWORK_HEADER = YES;
				CLANG_WARN_RANGE_LOOP_ANALYSIS = YES;
				CLANG_WARN_STRICT_PROTOTYPES = YES;
				CLANG_WARN_SUSPICIOUS_MOVE = YES;
				CLANG_WARN_UNGUARDED_AVAILABILITY = YES_AGGRESSIVE;
				CLANG_WARN_UNREACHABLE_CODE = YES;
				CLANG_WARN__DUPLICATE_METHOD_MATCH = YES;
				COPY_PHASE_STRIP = NO;
				DEBUG_INFORMATION_FORMAT = "dwarf-with-dsym";
				ENABLE_NS_ASSERTIONS = NO;
				ENABLE_STRICT_OBJC_MSGSEND = YES;
				ENABLE_USER_SCRIPT_SANDBOXING = YES;
				GCC_C_LANGUAGE_STANDARD = gnu17;
				GCC_NO_COMMON_BLOCKS = YES;
				GCC_WARN_64_TO_32_BIT_CONVERSION = YES;
				GCC_WARN_ABOUT_RETURN_TYPE = YES_ERROR;
				GCC_WARN_UNDECLARED_SELECTOR = YES;
				GCC_WARN_UNINITIALIZED_AUTOS = YES_AGGRESSIVE;
				GCC_WARN_UNUSED_FUNCTION = YES;
				GCC_WARN_UNUSED_VARIABLE = YES;
				IPHONEOS_DEPLOYMENT_TARGET = 17.4;
				LOCALIZATION_PREFERS_STRING_CATALOGS = YES;
				MTL_ENABLE_DEBUG_INFO = NO;
				MTL_FAST_MATH = YES;
				SDKROOT = iphoneos;
				SWIFT_COMPILATION_MODE = wholemodule;
				VALIDATE_PRODUCT = YES;
			};
			name = Release;
		};
		EBA3CF892B9F03D5004201B0 /* Debug */ = {
			isa = XCBuildConfiguration;
			buildSettings = {
				ASSETCATALOG_COMPILER_APPICON_NAME = AppIcon;
				ASSETCATALOG_COMPILER_GLOBAL_ACCENT_COLOR_NAME = AccentColor;
				CODE_SIGN_STYLE = Automatic;
				CURRENT_PROJECT_VERSION = 1;
				GENERATE_INFOPLIST_FILE = YES;
				INFOPLIST_FILE = NotesApp/Common/App/Info.plist;
				INFOPLIST_KEY_UIApplicationSupportsIndirectInputEvents = YES;
				INFOPLIST_KEY_UILaunchStoryboardName = LaunchScreen;
				INFOPLIST_KEY_UIMainStoryboardFile = Main;
				INFOPLIST_KEY_UISupportedInterfaceOrientations_iPad = "UIInterfaceOrientationPortrait UIInterfaceOrientationPortraitUpsideDown UIInterfaceOrientationLandscapeLeft UIInterfaceOrientationLandscapeRight";
				INFOPLIST_KEY_UISupportedInterfaceOrientations_iPhone = "UIInterfaceOrientationPortrait UIInterfaceOrientationLandscapeLeft UIInterfaceOrientationLandscapeRight";
				LD_RUNPATH_SEARCH_PATHS = (
					"$(inherited)",
					"@executable_path/Frameworks",
				);
				MARKETING_VERSION = 1.0;
				PRODUCT_BUNDLE_IDENTIFIER = AnnaVertikova.NotesApp;
				PRODUCT_NAME = "$(TARGET_NAME)";
				SUPPORTED_PLATFORMS = "iphoneos iphonesimulator";
				SUPPORTS_MACCATALYST = NO;
				SUPPORTS_MAC_DESIGNED_FOR_IPHONE_IPAD = NO;
				SUPPORTS_XR_DESIGNED_FOR_IPHONE_IPAD = NO;
				SWIFT_EMIT_LOC_STRINGS = YES;
				SWIFT_VERSION = 5.0;
				TARGETED_DEVICE_FAMILY = 1;
			};
			name = Debug;
		};
		EBA3CF8A2B9F03D5004201B0 /* Release */ = {
			isa = XCBuildConfiguration;
			buildSettings = {
				ASSETCATALOG_COMPILER_APPICON_NAME = AppIcon;
				ASSETCATALOG_COMPILER_GLOBAL_ACCENT_COLOR_NAME = AccentColor;
				CODE_SIGN_STYLE = Automatic;
				CURRENT_PROJECT_VERSION = 1;
				GENERATE_INFOPLIST_FILE = YES;
				INFOPLIST_FILE = NotesApp/Common/App/Info.plist;
				INFOPLIST_KEY_UIApplicationSupportsIndirectInputEvents = YES;
				INFOPLIST_KEY_UILaunchStoryboardName = LaunchScreen;
				INFOPLIST_KEY_UIMainStoryboardFile = Main;
				INFOPLIST_KEY_UISupportedInterfaceOrientations_iPad = "UIInterfaceOrientationPortrait UIInterfaceOrientationPortraitUpsideDown UIInterfaceOrientationLandscapeLeft UIInterfaceOrientationLandscapeRight";
				INFOPLIST_KEY_UISupportedInterfaceOrientations_iPhone = "UIInterfaceOrientationPortrait UIInterfaceOrientationLandscapeLeft UIInterfaceOrientationLandscapeRight";
				LD_RUNPATH_SEARCH_PATHS = (
					"$(inherited)",
					"@executable_path/Frameworks",
				);
				MARKETING_VERSION = 1.0;
				PRODUCT_BUNDLE_IDENTIFIER = AnnaVertikova.NotesApp;
				PRODUCT_NAME = "$(TARGET_NAME)";
				SUPPORTED_PLATFORMS = "iphoneos iphonesimulator";
				SUPPORTS_MACCATALYST = NO;
				SUPPORTS_MAC_DESIGNED_FOR_IPHONE_IPAD = NO;
				SUPPORTS_XR_DESIGNED_FOR_IPHONE_IPAD = NO;
				SWIFT_EMIT_LOC_STRINGS = YES;
				SWIFT_VERSION = 5.0;
				TARGETED_DEVICE_FAMILY = 1;
			};
			name = Release;
		};
		EBA3CF8C2B9F03D5004201B0 /* Debug */ = {
			isa = XCBuildConfiguration;
			buildSettings = {
				ALWAYS_EMBED_SWIFT_STANDARD_LIBRARIES = YES;
				BUNDLE_LOADER = "$(TEST_HOST)";
				CODE_SIGN_STYLE = Automatic;
				CURRENT_PROJECT_VERSION = 1;
				GENERATE_INFOPLIST_FILE = YES;
				IPHONEOS_DEPLOYMENT_TARGET = 17.4;
				MARKETING_VERSION = 1.0;
				PRODUCT_BUNDLE_IDENTIFIER = AnnaVertikova.NotesAppTests;
				PRODUCT_NAME = "$(TARGET_NAME)";
				SUPPORTED_PLATFORMS = "iphoneos iphonesimulator";
				SUPPORTS_MACCATALYST = NO;
				SUPPORTS_MAC_DESIGNED_FOR_IPHONE_IPAD = NO;
				SUPPORTS_XR_DESIGNED_FOR_IPHONE_IPAD = NO;
				SWIFT_EMIT_LOC_STRINGS = NO;
				SWIFT_VERSION = 5.0;
				TARGETED_DEVICE_FAMILY = 1;
				TEST_HOST = "$(BUILT_PRODUCTS_DIR)/NotesApp.app/$(BUNDLE_EXECUTABLE_FOLDER_PATH)/NotesApp";
			};
			name = Debug;
		};
		EBA3CF8D2B9F03D5004201B0 /* Release */ = {
			isa = XCBuildConfiguration;
			buildSettings = {
				ALWAYS_EMBED_SWIFT_STANDARD_LIBRARIES = YES;
				BUNDLE_LOADER = "$(TEST_HOST)";
				CODE_SIGN_STYLE = Automatic;
				CURRENT_PROJECT_VERSION = 1;
				GENERATE_INFOPLIST_FILE = YES;
				IPHONEOS_DEPLOYMENT_TARGET = 17.4;
				MARKETING_VERSION = 1.0;
				PRODUCT_BUNDLE_IDENTIFIER = AnnaVertikova.NotesAppTests;
				PRODUCT_NAME = "$(TARGET_NAME)";
				SUPPORTED_PLATFORMS = "iphoneos iphonesimulator";
				SUPPORTS_MACCATALYST = NO;
				SUPPORTS_MAC_DESIGNED_FOR_IPHONE_IPAD = NO;
				SUPPORTS_XR_DESIGNED_FOR_IPHONE_IPAD = NO;
				SWIFT_EMIT_LOC_STRINGS = NO;
				SWIFT_VERSION = 5.0;
				TARGETED_DEVICE_FAMILY = 1;
				TEST_HOST = "$(BUILT_PRODUCTS_DIR)/NotesApp.app/$(BUNDLE_EXECUTABLE_FOLDER_PATH)/NotesApp";
			};
			name = Release;
		};
/* End XCBuildConfiguration section */

/* Begin XCConfigurationList section */
		EBA3CF562B9F03D3004201B0 /* Build configuration list for PBXProject "NotesApp" */ = {
			isa = XCConfigurationList;
			buildConfigurations = (
				EBA3CF862B9F03D5004201B0 /* Debug */,
				EBA3CF872B9F03D5004201B0 /* Release */,
			);
			defaultConfigurationIsVisible = 0;
			defaultConfigurationName = Release;
		};
		EBA3CF882B9F03D5004201B0 /* Build configuration list for PBXNativeTarget "NotesApp" */ = {
			isa = XCConfigurationList;
			buildConfigurations = (
				EBA3CF892B9F03D5004201B0 /* Debug */,
				EBA3CF8A2B9F03D5004201B0 /* Release */,
			);
			defaultConfigurationIsVisible = 0;
			defaultConfigurationName = Release;
		};
		EBA3CF8B2B9F03D5004201B0 /* Build configuration list for PBXNativeTarget "NotesAppUnitTests" */ = {
			isa = XCConfigurationList;
			buildConfigurations = (
				EBA3CF8C2B9F03D5004201B0 /* Debug */,
				EBA3CF8D2B9F03D5004201B0 /* Release */,
			);
			defaultConfigurationIsVisible = 0;
			defaultConfigurationName = Release;
		};
/* End XCConfigurationList section */

/* Begin XCVersionGroup section */
		EBA3CF672B9F03D3004201B0 /* NotesApp.xcdatamodeld */ = {
			isa = XCVersionGroup;
			children = (
				EBA3CF682B9F03D3004201B0 /* NotesApp.xcdatamodel */,
			);
			currentVersion = EBA3CF682B9F03D3004201B0 /* NotesApp.xcdatamodel */;
			path = NotesApp.xcdatamodeld;
			sourceTree = "<group>";
			versionGroupType = wrapper.xcdatamodel;
		};
/* End XCVersionGroup section */
	};
	rootObject = EBA3CF532B9F03D3004201B0 /* Project object */;
}
